version = 1
revision = 3
requires-python = ">=3.12.5"

[[package]]
name = "next-rush"
version = "0.1.0"
source = { virtual = "." }
dependencies = [
    { name = "sonolus-py" },
]

[package.dev-dependencies]
dev = [
    { name = "pyright" },
    { name = "ruff" },
]

[package.metadata]
requires-dist = [{ name = "sonolus-py", specifier = "~=0.17.2" }]

[package.metadata.requires-dev]
dev = [
    { name = "pyright" },
    { name = "ruff" },
]

[[package]]
name = "nodeenv"
version = "1.10.0"
source = { registry = "https://pypi.org/simple" }
sdist = { url = "https://files.pythonhosted.org/packages/24/bf/d1bda4f6168e0b2e9e5958945e01910052158313224ada5ce1fb2e1113b8/nodeenv-1.10.0.tar.gz", hash = "sha256:996c191ad80897d076bdfba80a41994c2b47c68e224c542b48feba42ba00f8bb", size = 55611, upload-time = "2025-12-20T14:08:54.006Z" }
wheels = [
    { url = "https://files.pythonhosted.org/packages/88/b2/d0896bdcdc8d28a7fc5717c305f1a861c26e18c05047949fb371034d98bd/nodeenv-1.10.0-py2.py3-none-any.whl", hash = "sha256:5bb13e3eed2923615535339b3c620e76779af4cb4c6a90deccc9e36b274d3827", size = 23438, upload-time = "2025-12-20T14:08:52.782Z" },
]

[[package]]
name = "pyright"
version = "1.1.408"
source = { registry = "https://pypi.org/simple" }
dependencies = [
    { name = "nodeenv" },
    { name = "typing-extensions" },
]
sdist = { url = "https://files.pythonhosted.org/packages/74/b2/5db700e52554b8f025faa9c3c624c59f1f6c8841ba81ab97641b54322f16/pyright-1.1.408.tar.gz", hash = "sha256:f28f2321f96852fa50b5829ea492f6adb0e6954568d1caa3f3af3a5f555eb684", size = 4400578, upload-time = "2026-01-08T08:07:38.795Z" }
wheels = [
    { url = "https://files.pythonhosted.org/packages/0c/82/a2c93e32800940d9573fb28c346772a14778b84ba7524e691b324620ab89/pyright-1.1.408-py3-none-any.whl", hash = "sha256:090b32865f4fdb1e0e6cd82bf5618480d48eecd2eb2e70f960982a3d9a4c17c1", size = 6399144, upload-time = "2026-01-08T08:07:37.082Z" },
]

[[package]]
name = "ruff"
version = "0.14.13"
source = { registry = "https://pypi.org/simple" }
sdist = { url = "https://files.pythonhosted.org/packages/50/0a/1914efb7903174b381ee2ffeebb4253e729de57f114e63595114c8ca451f/ruff-0.14.13.tar.gz", hash = "sha256:83cd6c0763190784b99650a20fec7633c59f6ebe41c5cc9d45ee42749563ad47", size = 6059504, upload-time = "2026-01-15T20:15:16.918Z" }
wheels = [
    { url = "https://files.pythonhosted.org/packages/c3/ae/0deefbc65ca74b0ab1fd3917f94dc3b398233346a74b8bbb0a916a1a6bf6/ruff-0.14.13-py3-none-linux_armv6l.whl", hash = "sha256:76f62c62cd37c276cb03a275b198c7c15bd1d60c989f944db08a8c1c2dbec18b", size = 13062418, upload-time = "2026-01-15T20:14:50.779Z" },
    { url = "https://files.pythonhosted.org/packages/47/df/5916604faa530a97a3c154c62a81cb6b735c0cb05d1e26d5ad0f0c8ac48a/ruff-0.14.13-py3-none-macosx_10_12_x86_64.whl", hash = "sha256:914a8023ece0528d5cc33f5a684f5f38199bbb566a04815c2c211d8f40b5d0ed", size = 13442344, upload-time = "2026-01-15T20:15:07.94Z" },
    { url = "https://files.pythonhosted.org/packages/4c/f3/e0e694dd69163c3a1671e102aa574a50357536f18a33375050334d5cd517/ruff-0.14.13-py3-none-macosx_11_0_arm64.whl", hash = "sha256:d24899478c35ebfa730597a4a775d430ad0d5631b8647a3ab368c29b7e7bd063", size = 12354720, upload-time = "2026-01-15T20:15:09.854Z" },
    { url = "https://files.pythonhosted.org/packages/c3/e8/67f5fcbbaee25e8fc3b56cc33e9892eca7ffe09f773c8e5907757a7e3bdb/ruff-0.14.13-py3-none-manylinux_2_17_aarch64.manylinux2014_aarch64.whl", hash = "sha256:9aaf3870f14d925bbaf18b8a2347ee0ae7d95a2e490e4d4aea6813ed15ebc80e", size = 12774493, upload-time = "2026-01-15T20:15:20.908Z" },
    { url = "https://files.pythonhosted.org/packages/6b/ce/d2e9cb510870b52a9565d885c0d7668cc050e30fa2c8ac3fb1fda15c083d/ruff-0.14.13-py3-none-manylinux_2_17_armv7l.manylinux2014_armv7l.whl", hash = "sha256:ac5b7f63dd3b27cc811850f5ffd8fff845b00ad70e60b043aabf8d6ecc304e09", size = 12815174, upload-time = "2026-01-15T20:15:05.74Z" },
    { url = "https://files.pythonhosted.org/packages/88/00/c38e5da58beebcf4fa32d0ddd993b63dfacefd02ab7922614231330845bf/ruff-0.14.13-py3-none-manylinux_2_17_i686.manylinux2014_i686.whl", hash = "sha256:78d2b1097750d90ba82ce4ba676e85230a0ed694178ca5e61aa9b459970b3eb9", size = 13680909, upload-time = "2026-01-15T20:15:14.537Z" },
    { url = "https://files.pythonhosted.org/packages/61/61/cd37c9dd5bd0a3099ba79b2a5899ad417d8f3b04038810b0501a80814fd7/ruff-0.14.13-py3-none-manylinux_2_17_ppc64.manylinux2014_ppc64.whl", hash = "sha256:7d0bf87705acbbcb8d4c24b2d77fbb73d40210a95c3903b443cd9e30824a5032", size = 15144215, upload-time = "2026-01-15T20:15:22.886Z" },
    { url = "https://files.pythonhosted.org/packages/56/8a/85502d7edbf98c2df7b8876f316c0157359165e16cdf98507c65c8d07d3d/ruff-0.14.13-py3-none-manylinux_2_17_ppc64le.manylinux2014_ppc64le.whl", hash = "sha256:a3eb5da8e2c9e9f13431032fdcbe7681de9ceda5835efee3269417c13f1fed5c", size = 14706067, upload-time = "2026-01-15T20:14:48.271Z" },
    { url = "https://files.pythonhosted.org/packages/7e/2f/de0df127feb2ee8c1e54354dc1179b4a23798f0866019528c938ba439aca/ruff-0.14.13-py3-none-manylinux_2_17_s390x.manylinux2014_s390x.whl", hash = "sha256:642442b42957093811cd8d2140dfadd19c7417030a7a68cf8d51fcdd5f217427", size = 14133916, upload-time = "2026-01-15T20:14:57.357Z" },
    { url = "https://files.pythonhosted.org/packages/0d/77/9b99686bb9fe07a757c82f6f95e555c7a47801a9305576a9c67e0a31d280/ruff-0.14.13-py3-none-manylinux_2_17_x86_64.manylinux2014_x86_64.whl", hash = "sha256:4acdf009f32b46f6e8864af19cbf6841eaaed8638e65c8dac845aea0d703c841", size = 13859207, upload-time = "2026-01-15T20:14:55.111Z" },
    { url = "https://files.pythonhosted.org/packages/7d/46/2bdcb34a87a179a4d23022d818c1c236cb40e477faf0d7c9afb6813e5876/ruff-0.14.13-py3-none-manylinux_2_31_riscv64.whl", hash = "sha256:591a7f68860ea4e003917d19b5c4f5ac39ff558f162dc753a2c5de897fd5502c", size = 14043686, upload-time = "2026-01-15T20:14:52.841Z" },
    { url = "https://files.pythonhosted.org/packages/1a/a9/5c6a4f56a0512c691cf143371bcf60505ed0f0860f24a85da8bd123b2bf1/ruff-0.14.13-py3-none-musllinux_1_2_aarch64.whl", hash = "sha256:774c77e841cc6e046fc3e91623ce0903d1cd07e3a36b1a9fe79b81dab3de506b", size = 12663837, upload-time = "2026-01-15T20:15:18.921Z" },
    { url = "https://files.pythonhosted.org/packages/fe/bb/b920016ece7651fa7fcd335d9d199306665486694d4361547ccb19394c44/ruff-0.14.13-py3-none-musllinux_1_2_armv7l.whl", hash = "sha256:61f4e40077a1248436772bb6512db5fc4457fe4c49e7a94ea7c5088655dd21ae", size = 12805867, upload-time = "2026-01-15T20:14:59.272Z" },
    { url = "https://files.pythonhosted.org/packages/7d/b3/0bd909851e5696cd21e32a8fc25727e5f58f1934b3596975503e6e85415c/ruff-0.14.13-py3-none-musllinux_1_2_i686.whl", hash = "sha256:6d02f1428357fae9e98ac7aa94b7e966fd24151088510d32cf6f902d6c09235e", size = 13208528, upload-time = "2026-01-15T20:15:03.732Z" },
    { url = "https://files.pythonhosted.org/packages/3b/3b/e2d94cb613f6bbd5155a75cbe072813756363eba46a3f2177a1fcd0cd670/ruff-0.14.13-py3-none-musllinux_1_2_x86_64.whl", hash = "sha256:e399341472ce15237be0c0ae5fbceca4b04cd9bebab1a2b2c979e015455d8f0c", size = 13929242, upload-time = "2026-01-15T20:15:11.918Z" },
    { url = "https://files.pythonhosted.org/packages/6a/c5/abd840d4132fd51a12f594934af5eba1d5d27298a6f5b5d6c3be45301caf/ruff-0.14.13-py3-none-win32.whl", hash = "sha256:ef720f529aec113968b45dfdb838ac8934e519711da53a0456038a0efecbd680", size = 12919024, upload-time = "2026-01-15T20:14:43.647Z" },
    { url = "https://files.pythonhosted.org/packages/c2/55/6384b0b8ce731b6e2ade2b5449bf07c0e4c31e8a2e68ea65b3bafadcecc5/ruff-0.14.13-py3-none-win_amd64.whl", hash = "sha256:6070bd026e409734b9257e03e3ef18c6e1a216f0435c6751d7a8ec69cb59abef", size = 14097887, upload-time = "2026-01-15T20:15:01.48Z" },
    { url = "https://files.pythonhosted.org/packages/4d/e1/7348090988095e4e39560cfc2f7555b1b2a7357deba19167b600fdf5215d/ruff-0.14.13-py3-none-win_arm64.whl", hash = "sha256:7ab819e14f1ad9fe39f246cfcc435880ef7a9390d81a2b6ac7e01039083dd247", size = 13080224, upload-time = "2026-01-15T20:14:45.853Z" },
]

[[package]]
name = "sonolus-py"
version = "0.17.2"
source = { registry = "https://pypi.org/simple" }
sdist = { url = "https://files.pythonhosted.org/packages/5d/2a/f8f7e43180faedac1219a969ff2196949acb743f5a17d1cf69269d59afeb/sonolus_py-0.17.2.tar.gz", hash = "sha256:07bb60026c58219485d1da76da4dfa56a50e5edb8326dc47d5e6f36bc4735a0f", size = 292362, upload-time = "2026-07-05T18:59:46.829Z" }
wheels = [
    { url = "https://files.pythonhosted.org/packages/7a/11/3168dc42a214b20124b3ed0b6e96ef72f6e10329912f2e5d6c650131a127/sonolus_py-0.17.2-cp312-cp312-macosx_11_0_arm64.whl", hash = "sha256:46cc034794409495a0fffbe6554ad4a9a18e45f4d489b34defb50d826e687f19", size = 880326, upload-time = "2026-07-05T18:59:13.742Z" },
    { url = "https://files.pythonhosted.org/packages/f2/81/3b1214d368c0cf8de99eff63f58391bf46d5c60bc8ee824295176bc0511e/sonolus_py-0.17.2-cp312-cp312-manylinux2014_aarch64.manylinux_2_17_aarch64.manylinux_2_28_aarch64.whl", hash = "sha256:446e0a25c161d11c02a1866bc299871d1f3ac4ea076f57b544121982044b38f7", size = 4768167, upload-time = "2026-07-05T18:59:15.328Z" },
    { url = "https://files.pythonhosted.org/packages/fa/eb/99df6938f62efa9bab63d83d0c8feb894febec6a2c9ed48b4c854121128e/sonolus_py-0.17.2-cp312-cp312-manylinux2014_x86_64.manylinux_2_17_x86_64.manylinux_2_28_x86_64.whl", hash = "sha256:552968a6b8ccaeba4202d70f044a2f735c7c7c4a7e9253c302ff1c303ca40f39", size = 4881124, upload-time = "2026-07-05T18:59:16.919Z" },
    { url = "https://files.pythonhosted.org/packages/15/7a/2f9526c6967d527c94fccf9a1fc22a0cb9caad7dc73373f2cb48b55a2684/sonolus_py-0.17.2-cp312-cp312-musllinux_1_2_aarch64.whl", hash = "sha256:517bec814e00e9ad2d94a1b521823aca20b18d1b500677015fada0f2ac0c3bf6", size = 4735129, upload-time = "2026-07-05T18:59:18.511Z" },
    { url = "https://files.pythonhosted.org/packages/92/7c/1ccd902a9c69467a1eb13512d19eaa5f2de722a6346f7d86e86aa7e87b32/sonolus_py-0.17.2-cp312-cp312-musllinux_1_2_x86_64.whl", hash = "sha256:1682d99e5f3640f6939928046fceb150a3e1a7741e81d43f904d9dbd5ef98549", size = 4858373, upload-time = "2026-07-05T18:59:20.251Z" },
    { url = "https://files.pythonhosted.org/packages/59/b5/ec4aa58e96b98810eaa2cc675da1432580610c63494f5bd1b8fc2a8c0a8e/sonolus_py-0.17.2-cp312-cp312-win_amd64.whl", hash = "sha256:fc211a90843bb72114ae4939d11182d2a59b950d11949edbe87af4d8b0ec6d06", size = 796287, upload-time = "2026-07-05T18:59:22.09Z" },
    { url = "https://files.pythonhosted.org/packages/bb/84/9f4055025c356781b477bfab02142812eee15024de978b2bb6ddb3eb221a/sonolus_py-0.17.2-cp312-cp312-win_arm64.whl", hash = "sha256:a65bf85a0721481b460a48e7c7bdc1881d40d67eec9c3dbf8eb40903ff1b479f", size = 707841, upload-time = "2026-07-05T18:59:23.358Z" },
    { url = "https://files.pythonhosted.org/packages/f1/b2/2d6e9e8c70b5f0e46516e63abac75769715e7aefea0ae5e8d247d4e91c69/sonolus_py-0.17.2-cp313-cp313-macosx_11_0_arm64.whl", hash = "sha256:0c384e5fba267d2228da01675ea082cd0526facae6cf4654c67df99e083e1311", size = 876393, upload-time = "2026-07-05T18:59:24.918Z" },
    { url = "https://files.pythonhosted.org/packages/5a/d4/d6c8fb97ba68a091f7e54142f98e4e8c080f1659af045389e657ed5037a0/sonolus_py-0.17.2-cp313-cp313-manylinux2014_aarch64.manylinux_2_17_aarch64.manylinux_2_28_aarch64.whl", hash = "sha256:fd565de17c9302fb949de8f8be51670618582bcbf1e88ffe615cd01bf00e8d33", size = 4707916, upload-time = "2026-07-05T18:59:26.285Z" },
    { url = "https://files.pythonhosted.org/packages/4a/d2/0792cf8104209bb43ffd40c476370379e38bd288334e115fa31e191803f3/sonolus_py-0.17.2-cp313-cp313-manylinux2014_x86_64.manylinux_2_17_x86_64.manylinux_2_28_x86_64.whl", hash = "sha256:58a2396275b560280da142279e5287a074353cc9b3e2fac9690b5b8887c0e9c1", size = 4823162, upload-time = "2026-07-05T18:59:27.82Z" },
    { url = "https://files.pythonhosted.org/packages/4e/e7/2be95fbd3013aae04cbc3657d4c79ae5f4afa1d3ba8166ef9b254ffad97c/sonolus_py-0.17.2-cp313-cp313-musllinux_1_2_aarch64.whl", hash = "sha256:114e8bb561be748bfc36b533aaeefb1898577291e48cb7d55a5a575e603a508e", size = 4686794, upload-time = "2026-07-05T18:59:29.617Z" },
    { url = "https://files.pythonhosted.org/packages/8d/ae/5becb25ed0c2d66c9260a0eca47ab25c22d26f3f804a87c7e482a5816eaa/sonolus_py-0.17.2-cp313-cp313-musllinux_1_2_x86_64.whl", hash = "sha256:dc3d2614748c94c146e94955ef675e7267aa62a0dbebc7859db1fe9d3be9e447", size = 4804968, upload-time = "2026-07-05T18:59:31.417Z" },
    { url = "https://files.pythonhosted.org/packages/0c/73/c49efa63548d8c6ff3bb63dd45b95f91e54043313e55ad9fe397a39c97c7/sonolus_py-0.17.2-cp313-cp313-win_amd64.whl", hash = "sha256:32cefa5a2af39bdd7aa21daf0862f37b143474aba837dd22af2e16442a771210", size = 791792, upload-time = "2026-07-05T18:59:32.884Z" },
    { url = "https://files.pythonhosted.org/packages/c7/08/aa3c5c0b9a917e926dde1976fef580509d152b4e629df062ef02dc8d6cf3/sonolus_py-0.17.2-cp313-cp313-win_arm64.whl", hash = "sha256:ae971404cf8f1f984d356a749ad1f1d2672d505af0337f572371a78a9360a33c", size = 705161, upload-time = "2026-07-05T18:59:34.431Z" },
    { url = "https://files.pythonhosted.org/packages/82/c4/4933843040d63469643c768542d97301a658f0c13ecfeb92c4728aadb0cf/sonolus_py-0.17.2-cp314-cp314-macosx_11_0_arm64.whl", hash = "sha256:24f26a7aa7c4bfb5833d6eb0dd323f8e826db0c8f435c6891016eb0e2c44fbf2", size = 881586, upload-time = "2026-07-05T18:59:35.802Z" },
    { url = "https://files.pythonhosted.org/packages/6c/16/29fd8e2703abd57dfa553b055ab6decaef1b90bc01b89c73e0e50595a75f/sonolus_py-0.17.2-cp314-cp314-manylinux2014_aarch64.manylinux_2_17_aarch64.manylinux_2_28_aarch64.whl", hash = "sha256:4e764f9e3695b6aaae1a08ba987ea173b7f18c73543e304f87dcbc975e7087ef", size = 4713681, upload-time = "2026-07-05T18:59:37.116Z" },
    { url = "https://files.pythonhosted.org/packages/6a/b6/e2b5d3326a93a5cc4e0c55656c8b36fd9ef5d7aa1f35d7386f71802586e4/sonolus_py-0.17.2-cp314-cp314-manylinux2014_x86_64.manylinux_2_17_x86_64.manylinux_2_28_x86_64.whl", hash = "sha256:9da8e7ebeb598d65462fcecb27df6f48d96e6527b6a7ab88e9eabc2e3e39ca62", size = 4779552, upload-time = "2026-07-05T18:59:38.78Z" },
    { url = "https://files.pythonhosted.org/packages/2b/84/00923dd92cde949d4fb1fc5abde40128b9eeff4f4df7c556c0b01c5859ba/sonolus_py-0.17.2-cp314-cp314-musllinux_1_2_aarch64.whl", hash = "sha256:672e0dd795d695abe6fcaa2dfd6fb577109fa7004d4928f9e2cfd7f7ebc599fc", size = 4701741, upload-time = "2026-07-05T18:59:40.656Z" },
    { url = "https://files.pythonhosted.org/packages/74/e9/43d15df2f3ca89335ccf0d115aba571a1c1ab92ea2ab97db0087a6e8e5ed/sonolus_py-0.17.2-cp314-cp314-musllinux_1_2_x86_64.whl", hash = "sha256:20c373375d8dc236a42a49a61e8cc88bb1e3f4d99f53dfa9517b8a7324bf6358", size = 4770889, upload-time = "2026-07-05T18:59:42.216Z" },
    { url = "https://files.pythonhosted.org/packages/f7/dc/ba1c1052c22f79d6d9f50cdac7bf200cd188cd374986f0183f216beb5980/sonolus_py-0.17.2-cp314-cp314-win_amd64.whl", hash = "sha256:92402c7a393b59dbab69729008b0f7af5521b4b7917a378a9d87f4a854953f4b", size = 808552, upload-time = "2026-07-05T18:59:43.816Z" },
    { url = "https://files.pythonhosted.org/packages/ff/07/4347838cd26367b92396b564a67fafb1059b920f66d880bb2a8c07c32869/sonolus_py-0.17.2-cp314-cp314-win_arm64.whl", hash = "sha256:2dadcd0e7cfd629479e13c544a3ef69cbee427293ecb585667a61172b6587e8f", size = 726491, upload-time = "2026-07-05T18:59:45.396Z" },
]

[[package]]
name = "typing-extensions"
version = "4.15.0"
source = { registry = "https://pypi.org/simple" }
sdist = { url = "https://files.pythonhosted.org/packages/72/94/1a15dd82efb362ac84269196e94cf00f187f7ed21c242792a923cdb1c61f/typing_extensions-4.15.0.tar.gz", hash = "sha256:0cea48d173cc12fa28ecabc3b837ea3cf6f38c6d1136f85cbaaf598984861466", size = 109391, upload-time = "2025-08-25T13:49:26.313Z" }
wheels = [
    { url = "https://files.pythonhosted.org/packages/18/67/36e9267722cc04a6b9f15c7f3441c2363321a3ea07da7ae0c0707beb2a9c/typing_extensions-4.15.0-py3-none-any.whl", hash = "sha256:f0fa19c6845758ab08074a0cfa8b7aecb71c999ca73d62883bc25cc018c4e548", size = 44614, upload-time = "2025-08-25T13:49:24.86Z" },
]
