version = 1
revision = 3
requires-python = ">=3.12.5"

[[package]]
name = "next-rush"
version = "0.1.0"
source = { virtual = "." }
dependencies = [
    { name = "sonolus-py" },
]

[package.dev-dependencies]
dev = [
    { name = "pyright" },
    { name = "ruff" },
]

[package.metadata]
requires-dist = [{ name = "sonolus-py", specifier = "~=0.17.3" }]

[package.metadata.requires-dev]
dev = [
    { name = "pyright" },
    { name = "ruff" },
]

[[package]]
name = "nodeenv"
version = "1.10.0"
source = { registry = "https://pypi.org/simple" }
sdist = { url = "https://files.pythonhosted.org/packages/24/bf/d1bda4f6168e0b2e9e5958945e01910052158313224ada5ce1fb2e1113b8/nodeenv-1.10.0.tar.gz", hash = "sha256:996c191ad80897d076bdfba80a41994c2b47c68e224c542b48feba42ba00f8bb", size = 55611, upload-time = "2025-12-20T14:08:54.006Z" }
wheels = [
    { url = "https://files.pythonhosted.org/packages/88/b2/d0896bdcdc8d28a7fc5717c305f1a861c26e18c05047949fb371034d98bd/nodeenv-1.10.0-py2.py3-none-any.whl", hash = "sha256:5bb13e3eed2923615535339b3c620e76779af4cb4c6a90deccc9e36b274d3827", size = 23438, upload-time = "2025-12-20T14:08:52.782Z" },
]

[[package]]
name = "pyright"
version = "1.1.408"
source = { registry = "https://pypi.org/simple" }
dependencies = [
    { name = "nodeenv" },
    { name = "typing-extensions" },
]
sdist = { url = "https://files.pythonhosted.org/packages/74/b2/5db700e52554b8f025faa9c3c624c59f1f6c8841ba81ab97641b54322f16/pyright-1.1.408.tar.gz", hash = "sha256:f28f2321f96852fa50b5829ea492f6adb0e6954568d1caa3f3af3a5f555eb684", size = 4400578, upload-time = "2026-01-08T08:07:38.795Z" }
wheels = [
    { url = "https://files.pythonhosted.org/packages/0c/82/a2c93e32800940d9573fb28c346772a14778b84ba7524e691b324620ab89/pyright-1.1.408-py3-none-any.whl", hash = "sha256:090b32865f4fdb1e0e6cd82bf5618480d48eecd2eb2e70f960982a3d9a4c17c1", size = 6399144, upload-time = "2026-01-08T08:07:37.082Z" },
]

[[package]]
name = "ruff"
version = "0.14.13"
source = { registry = "https://pypi.org/simple" }
sdist = { url = "https://files.pythonhosted.org/packages/50/0a/1914efb7903174b381ee2ffeebb4253e729de57f114e63595114c8ca451f/ruff-0.14.13.tar.gz", hash = "sha256:83cd6c0763190784b99650a20fec7633c59f6ebe41c5cc9d45ee42749563ad47", size = 6059504, upload-time = "2026-01-15T20:15:16.918Z" }
wheels = [
    { url = "https://files.pythonhosted.org/packages/c3/ae/0deefbc65ca74b0ab1fd3917f94dc3b398233346a74b8bbb0a916a1a6bf6/ruff-0.14.13-py3-none-linux_armv6l.whl", hash = "sha256:76f62c62cd37c276cb03a275b198c7c15bd1d60c989f944db08a8c1c2dbec18b", size = 13062418, upload-time = "2026-01-15T20:14:50.779Z" },
    { url = "https://files.pythonhosted.org/packages/47/df/5916604faa530a97a3c154c62a81cb6b735c0cb05d1e26d5ad0f0c8ac48a/ruff-0.14.13-py3-none-macosx_10_12_x86_64.whl", hash = "sha256:914a8023ece0528d5cc33f5a684f5f38199bbb566a04815c2c211d8f40b5d0ed", size = 13442344, upload-time = "2026-01-15T20:15:07.94Z" },
    { url = "https://files.pythonhosted.org/packages/4c/f3/e0e694dd69163c3a1671e102aa574a50357536f18a33375050334d5cd517/ruff-0.14.13-py3-none-macosx_11_0_arm64.whl", hash = "sha256:d24899478c35ebfa730597a4a775d430ad0d5631b8647a3ab368c29b7e7bd063", size = 12354720, upload-time = "2026-01-15T20:15:09.854Z" },
    { url = "https://files.pythonhosted.org/packages/c3/e8/67f5fcbbaee25e8fc3b56cc33e9892eca7ffe09f773c8e5907757a7e3bdb/ruff-0.14.13-py3-none-manylinux_2_17_aarch64.manylinux2014_aarch64.whl", hash = "sha256:9aaf3870f14d925bbaf18b8a2347ee0ae7d95a2e490e4d4aea6813ed15ebc80e", size = 12774493, upload-time = "2026-01-15T20:15:20.908Z" },
    { url = "https://files.pythonhosted.org/packages/6b/ce/d2e9cb510870b52a9565d885c0d7668cc050e30fa2c8ac3fb1fda15c083d/ruff-0.14.13-py3-none-manylinux_2_17_armv7l.manylinux2014_armv7l.whl", hash = "sha256:ac5b7f63dd3b27cc811850f5ffd8fff845b00ad70e60b043aabf8d6ecc304e09", size = 12815174, upload-time = "2026-01-15T20:15:05.74Z" },
    { url = "https://files.pythonhosted.org/packages/88/00/c38e5da58beebcf4fa32d0ddd993b63dfacefd02ab7922614231330845bf/ruff-0.14.13-py3-none-manylinux_2_17_i686.manylinux2014_i686.whl", hash = "sha256:78d2b1097750d90ba82ce4ba676e85230a0ed694178ca5e61aa9b459970b3eb9", size = 13680909, upload-time = "2026-01-15T20:15:14.537Z" },
    { url = "https://files.pythonhosted.org/packages/61/61/cd37c9dd5bd0a3099ba79b2a5899ad417d8f3b04038810b0501a80814fd7/ruff-0.14.13-py3-none-manylinux_2_17_ppc64.manylinux2014_ppc64.whl", hash = "sha256:7d0bf87705acbbcb8d4c24b2d77fbb73d40210a95c3903b443cd9e30824a5032", size = 15144215, upload-time = "2026-01-15T20:15:22.886Z" },
    { url = "https://files.pythonhosted.org/packages/56/8a/85502d7edbf98c2df7b8876f316c0157359165e16cdf98507c65c8d07d3d/ruff-0.14.13-py3-none-manylinux_2_17_ppc64le.manylinux2014_ppc64le.whl", hash = "sha256:a3eb5da8e2c9e9f13431032fdcbe7681de9ceda5835efee3269417c13f1fed5c", size = 14706067, upload-time = "2026-01-15T20:14:48.271Z" },
    { url = "https://files.pythonhosted.org/packages/7e/2f/de0df127feb2ee8c1e54354dc1179b4a23798f0866019528c938ba439aca/ruff-0.14.13-py3-none-manylinux_2_17_s390x.manylinux2014_s390x.whl", hash = "sha256:642442b42957093811cd8d2140dfadd19c7417030a7a68cf8d51fcdd5f217427", size = 14133916, upload-time = "2026-01-15T20:14:57.357Z" },
    { url = "https://files.pythonhosted.org/packages/0d/77/9b99686bb9fe07a757c82f6f95e555c7a47801a9305576a9c67e0a31d280/ruff-0.14.13-py3-none-manylinux_2_17_x86_64.manylinux2014_x86_64.whl", hash = "sha256:4acdf009f32b46f6e8864af19cbf6841eaaed8638e65c8dac845aea0d703c841", size = 13859207, upload-time = "2026-01-15T20:14:55.111Z" },
    { url = "https://files.pythonhosted.org/packages/7d/46/2bdcb34a87a179a4d23022d818c1c236cb40e477faf0d7c9afb6813e5876/ruff-0.14.13-py3-none-manylinux_2_31_riscv64.whl", hash = "sha256:591a7f68860ea4e003917d19b5c4f5ac39ff558f162dc753a2c5de897fd5502c", size = 14043686, upload-time = "2026-01-15T20:14:52.841Z" },
    { url = "https://files.pythonhosted.org/packages/1a/a9/5c6a4f56a0512c691cf143371bcf60505ed0f0860f24a85da8bd123b2bf1/ruff-0.14.13-py3-none-musllinux_1_2_aarch64.whl", hash = "sha256:774c77e841cc6e046fc3e91623ce0903d1cd07e3a36b1a9fe79b81dab3de506b", size = 12663837, upload-time = "2026-01-15T20:15:18.921Z" },
    { url = "https://files.pythonhosted.org/packages/fe/bb/b920016ece7651fa7fcd335d9d199306665486694d4361547ccb19394c44/ruff-0.14.13-py3-none-musllinux_1_2_armv7l.whl", hash = "sha256:61f4e40077a1248436772bb6512db5fc4457fe4c49e7a94ea7c5088655dd21ae", size = 12805867, upload-time = "2026-01-15T20:14:59.272Z" },
    { url = "https://files.pythonhosted.org/packages/7d/b3/0bd909851e5696cd21e32a8fc25727e5f58f1934b3596975503e6e85415c/ruff-0.14.13-py3-none-musllinux_1_2_i686.whl", hash = "sha256:6d02f1428357fae9e98ac7aa94b7e966fd24151088510d32cf6f902d6c09235e", size = 13208528, upload-time = "2026-01-15T20:15:03.732Z" },
    { url = "https://files.pythonhosted.org/packages/3b/3b/e2d94cb613f6bbd5155a75cbe072813756363eba46a3f2177a1fcd0cd670/ruff-0.14.13-py3-none-musllinux_1_2_x86_64.whl", hash = "sha256:e399341472ce15237be0c0ae5fbceca4b04cd9bebab1a2b2c979e015455d8f0c", size = 13929242, upload-time = "2026-01-15T20:15:11.918Z" },
    { url = "https://files.pythonhosted.org/packages/6a/c5/abd840d4132fd51a12f594934af5eba1d5d27298a6f5b5d6c3be45301caf/ruff-0.14.13-py3-none-win32.whl", hash = "sha256:ef720f529aec113968b45dfdb838ac8934e519711da53a0456038a0efecbd680", size = 12919024, upload-time = "2026-01-15T20:14:43.647Z" },
    { url = "https://files.pythonhosted.org/packages/c2/55/6384b0b8ce731b6e2ade2b5449bf07c0e4c31e8a2e68ea65b3bafadcecc5/ruff-0.14.13-py3-none-win_amd64.whl", hash = "sha256:6070bd026e409734b9257e03e3ef18c6e1a216f0435c6751d7a8ec69cb59abef", size = 14097887, upload-time = "2026-01-15T20:15:01.48Z" },
    { url = "https://files.pythonhosted.org/packages/4d/e1/7348090988095e4e39560cfc2f7555b1b2a7357deba19167b600fdf5215d/ruff-0.14.13-py3-none-win_arm64.whl", hash = "sha256:7ab819e14f1ad9fe39f246cfcc435880ef7a9390d81a2b6ac7e01039083dd247", size = 13080224, upload-time = "2026-01-15T20:14:45.853Z" },
]

[[package]]
name = "sonolus-py"
version = "0.17.3"
source = { registry = "https://pypi.org/simple" }
sdist = { url = "https://files.pythonhosted.org/packages/52/e4/7f466e91b806da27289783737cc566fd93f887bd4d5e4f7a48524f453dfa/sonolus_py-0.17.3.tar.gz", hash = "sha256:bb8b43f5e44f5bd2642bb4cf5eb60d178b99af1dd02146ee646dab22f7289187", size = 294048, upload-time = "2026-07-06T07:34:52.962Z" }
wheels = [
    { url = "https://files.pythonhosted.org/packages/95/15/6bcbbf8b2795e65b1a7b6dae5f2fea635e59cca612e30ce5c94dcc9c235f/sonolus_py-0.17.3-cp312-cp312-macosx_11_0_arm64.whl", hash = "sha256:25c76bc42c11ce7fea72599f2c8b97d3954114cc859643acdad7741df4299013", size = 881889, upload-time = "2026-07-06T07:34:19.042Z" },
    { url = "https://files.pythonhosted.org/packages/ca/6a/3e989c691caa1dcd0db27f1398a554802fd4ed3c8797e7291e9ae6b2f7b1/sonolus_py-0.17.3-cp312-cp312-manylinux2014_aarch64.manylinux_2_17_aarch64.manylinux_2_28_aarch64.whl", hash = "sha256:59cdba411668c7f1ba8fc73d267fd5c05b63749ae08751cad52643cf5a58f128", size = 4770872, upload-time = "2026-07-06T07:34:20.637Z" },
    { url = "https://files.pythonhosted.org/packages/4d/34/0b51b6770b58711638e34e298732c37d05672d8f490dc20fd26638a6b20c/sonolus_py-0.17.3-cp312-cp312-manylinux2014_x86_64.manylinux_2_17_x86_64.manylinux_2_28_x86_64.whl", hash = "sha256:aea9f0534ae851d79b008e6c1312790b4c9394ea9f0fe2f57b4ec452c6f42376", size = 4883505, upload-time = "2026-07-06T07:34:22.76Z" },
    { url = "https://files.pythonhosted.org/packages/dd/f8/704c83296d50efe7468cff2d46de2b966a233d8b003ad779756b972fc87e/sonolus_py-0.17.3-cp312-cp312-musllinux_1_2_aarch64.whl", hash = "sha256:09aab42deae0a8456fee9bfc54eba9d840c376cfe5f5d8be4997e4bf3d4d3e72", size = 4737601, upload-time = "2026-07-06T07:34:24.609Z" },
    { url = "https://files.pythonhosted.org/packages/05/d0/bba88e86d3f370e765f1af699fcd4069a4fef28a4ebb8955f57a45bb3317/sonolus_py-0.17.3-cp312-cp312-musllinux_1_2_x86_64.whl", hash = "sha256:21afec1ccb02de51528623e9efc1ecf40c505b7e6f1213ebd2808ec0f1d3be07", size = 4861503, upload-time = "2026-07-06T07:34:26.175Z" },
    { url = "https://files.pythonhosted.org/packages/4d/2b/dbfe2c13e09565170fcfe69c85ae9713ef6c6ac9c73c3c32a99413891dce/sonolus_py-0.17.3-cp312-cp312-win_amd64.whl", hash = "sha256:0867798b1d3a0b5a4a7a241114a4d8e0c2d18a174af3ee374008ed5f18aafad4", size = 797889, upload-time = "2026-07-06T07:34:27.763Z" },
    { url = "https://files.pythonhosted.org/packages/97/77/fb75b174f66c4b61473e8a7e7d4c9339f35efe5f7a77eca866c1c570aac4/sonolus_py-0.17.3-cp312-cp312-win_arm64.whl", hash = "sha256:0953f66d4fe9d66fbc2ba95db55101dfe4fa69bae3fae7cf755de1b73967e1f2", size = 709511, upload-time = "2026-07-06T07:34:29.229Z" },
    { url = "https://files.pythonhosted.org/packages/87/9f/69f3ae19cd8fe73474f0a7b8ff931e98e58461623ae71d4f39064e7064fd/sonolus_py-0.17.3-cp313-cp313-macosx_11_0_arm64.whl", hash = "sha256:c9b6f4714eaf47e1580ef5f9abb668a6ba007616eab8e417eb3fb0fa65e0c8e9", size = 878103, upload-time = "2026-07-06T07:34:30.767Z" },
    { url = "https://files.pythonhosted.org/packages/0d/a9/8f253c8471654ffd231e17aa8a76252a27db26bc02e8eaad33ee639113c2/sonolus_py-0.17.3-cp313-cp313-manylinux2014_aarch64.manylinux_2_17_aarch64.manylinux_2_28_aarch64.whl", hash = "sha256:c418749dd4c3a23af50d5f939024f67a35f4873a9b25d5e2453097d579ff37f7", size = 4710520, upload-time = "2026-07-06T07:34:32.431Z" },
    { url = "https://files.pythonhosted.org/packages/a9/d7/eab80d658317c83fd063bf3c4a36e53632bfe80a197e7e6a97504e3fd368/sonolus_py-0.17.3-cp313-cp313-manylinux2014_x86_64.manylinux_2_17_x86_64.manylinux_2_28_x86_64.whl", hash = "sha256:dd35815cf99b1c6c4f5a81077b74d5c8e8b0007395e547141ab292e32e15f881", size = 4826821, upload-time = "2026-07-06T07:34:34.053Z" },
    { url = "https://files.pythonhosted.org/packages/5f/28/6f9db54f0c6c4a239d79cf8226a161bfbfc80946303b560fb8a12e687f75/sonolus_py-0.17.3-cp313-cp313-musllinux_1_2_aarch64.whl", hash = "sha256:537f27a9ea78e9052969bc454c9627a0a3d31d90dbe6884185ab7b26b2358f9d", size = 4690025, upload-time = "2026-07-06T07:34:36.054Z" },
    { url = "https://files.pythonhosted.org/packages/5b/5a/088a69aae8d86de5aab1d4c4d1553eb927aed3b0757d5c263f71f5e1036e/sonolus_py-0.17.3-cp313-cp313-musllinux_1_2_x86_64.whl", hash = "sha256:cd88cce4c8d570d4e63eecb3814576a75feb2043abe58b0cb7fc311df141110e", size = 4809915, upload-time = "2026-07-06T07:34:37.97Z" },
    { url = "https://files.pythonhosted.org/packages/f1/76/fd64960d68909088faf1083e24f80206f4ab773d18437f4d3492d2b28961/sonolus_py-0.17.3-cp313-cp313-win_amd64.whl", hash = "sha256:5453d3eb7fafe85b828979d4361f3927bdfa9dc8e1c2f35282d91527f0f90a4b", size = 793453, upload-time = "2026-07-06T07:34:39.432Z" },
    { url = "https://files.pythonhosted.org/packages/b9/7f/9800b80fd41e0b690154aa9c0e965ba302bf8dd0b63150ac5f545c88c366/sonolus_py-0.17.3-cp313-cp313-win_arm64.whl", hash = "sha256:53d96554524bdee2afdce3f26459313a6f48669d2ce18f8e48337df3cffa26fb", size = 706743, upload-time = "2026-07-06T07:34:40.74Z" },
    { url = "https://files.pythonhosted.org/packages/e2/d7/d3e3cdde4441411b5dd6c8f47ae7f65f1ec2795e9242875621363fc90798/sonolus_py-0.17.3-cp314-cp314-macosx_11_0_arm64.whl", hash = "sha256:9df9234afffab4aeb8af93b8f87b0fdbf7ffee91aa160e194e0f20fd357f36a5", size = 883252, upload-time = "2026-07-06T07:34:42.149Z" },
    { url = "https://files.pythonhosted.org/packages/67/bf/435c64e8c107d7032465b6e2a70d1c1bb47602183f019b58c94faa5934ed/sonolus_py-0.17.3-cp314-cp314-manylinux2014_aarch64.manylinux_2_17_aarch64.manylinux_2_28_aarch64.whl", hash = "sha256:3e3d9b82ded00de1917c446623a6259e6f45ca65ca42dba7011a6f7e87883308", size = 4716323, upload-time = "2026-07-06T07:34:43.779Z" },
    { url = "https://files.pythonhosted.org/packages/92/af/c1a7552ff5ae872498297bcc1b8b96e388229cdbdee87d626c71f782d1f2/sonolus_py-0.17.3-cp314-cp314-manylinux2014_x86_64.manylinux_2_17_x86_64.manylinux_2_28_x86_64.whl", hash = "sha256:6fa9720ab3414e656ba65312c41a03f74b3e82cbd6d0c507c7ae7e634f70e97c", size = 4781568, upload-time = "2026-07-06T07:34:45.256Z" },
    { url = "https://files.pythonhosted.org/packages/c7/f9/fd93e01344c4e1bed28f76165fe314d7ff149462fab20d5c22867a845b82/sonolus_py-0.17.3-cp314-cp314-musllinux_1_2_aarch64.whl", hash = "sha256:0e9e024ac9a342289922ae49bce1f781d295276d2bf74d5f3b646d6293b81ab0", size = 4704319, upload-time = "2026-07-06T07:34:46.842Z" },
    { url = "https://files.pythonhosted.org/packages/9f/c7/8557a0662761be1cbff2bfa8c06882dd67d479f5f4ddf6fccadeb0c1872b/sonolus_py-0.17.3-cp314-cp314-musllinux_1_2_x86_64.whl", hash = "sha256:a4ec9471c7a8f1be35cbfd0ef35baf7a7be68f055abe41c1ad3c85f7f9ed6fc6", size = 4773029, upload-time = "2026-07-06T07:34:48.34Z" },
    { url = "https://files.pythonhosted.org/packages/38/75/adf513218dfa2ce9cd51cd524fa922dcda55131ece73ee075c7b0e9bac0a/sonolus_py-0.17.3-cp314-cp314-win_amd64.whl", hash = "sha256:8e4082344da580f4a5da9235d0f28337fee628c76f313474bb48c8faa1705c41", size = 810151, upload-time = "2026-07-06T07:34:49.984Z" },
    { url = "https://files.pythonhosted.org/packages/c1/93/c7b90328873457d136e73472b8d6b1f0f32ac2afdb44649f238ec1dbfd56/sonolus_py-0.17.3-cp314-cp314-win_arm64.whl", hash = "sha256:c84af2e7e49144e07db756b5ead656dc44081060550c11993736e4911ebf5072", size = 728249, upload-time = "2026-07-06T07:34:51.477Z" },
]

[[package]]
name = "typing-extensions"
version = "4.15.0"
source = { registry = "https://pypi.org/simple" }
sdist = { url = "https://files.pythonhosted.org/packages/72/94/1a15dd82efb362ac84269196e94cf00f187f7ed21c242792a923cdb1c61f/typing_extensions-4.15.0.tar.gz", hash = "sha256:0cea48d173cc12fa28ecabc3b837ea3cf6f38c6d1136f85cbaaf598984861466", size = 109391, upload-time = "2025-08-25T13:49:26.313Z" }
wheels = [
    { url = "https://files.pythonhosted.org/packages/18/67/36e9267722cc04a6b9f15c7f3441c2363321a3ea07da7ae0c0707beb2a9c/typing_extensions-4.15.0-py3-none-any.whl", hash = "sha256:f0fa19c6845758ab08074a0cfa8b7aecb71c999ca73d62883bc25cc018c4e548", size = 44614, upload-time = "2025-08-25T13:49:24.86Z" },
]
